// !$*UTF8*$!
{
	archiveVersion = 1;
	classes = {
	};
	objectVersion = 50;
	objects = {

/* Begin PBXBuildFile section */
		BA3156BE20D2722A000483AF /* IGAvaParser.swift in Sources */ = {isa = PBXBuildFile; fileRef = BA3156BD20D2722A000483AF /* IGAvaParser.swift */; };
		BA3156C020D272DB000483AF /* UIViewController+Alert.swift in Sources */ = {isa = PBXBuildFile; fileRef = BA3156BF20D272DB000483AF /* UIViewController+Alert.swift */; };
		BAFD6E4420A457F4000CB38C /* AppDelegate.swift in Sources */ = {isa = PBXBuildFile; fileRef = BAFD6E4320A457F4000CB38C /* AppDelegate.swift */; };
		BAFD6E4620A457F4000CB38C /* ViewController.swift in Sources */ = {isa = PBXBuildFile; fileRef = BAFD6E4520A457F4000CB38C /* ViewController.swift */; };
		BAFD6E4920A457F4000CB38C /* Main.storyboard in Resources */ = {isa = PBXBuildFile; fileRef = BAFD6E4720A457F4000CB38C /* Main.storyboard */; };
		BAFD6E4B20A457F6000CB38C /* Assets.xcassets in Resources */ = {isa = PBXBuildFile; fileRef = BAFD6E4A20A457F6000CB38C /* Assets.xcassets */; };
		BAFD6E4E20A457F6000CB38C /* LaunchScreen.storyboard in Resources */ = {isa = PBXBuildFile; fileRef = BAFD6E4C20A457F6000CB38C /* LaunchScreen.storyboard */; };
/* End PBXBuildFile section */

/* Begin PBXFileReference section */
		BA3156BD20D2722A000483AF /* IGAvaParser.swift */ = {isa = PBXFileReference; lastKnownFileType = sourcecode.swift; path = IGAvaParser.swift; sourceTree = "<group>"; };
		BA3156BF20D272DB000483AF /* UIViewController+Alert.swift */ = {isa = PBXFileReference; lastKnownFileType = sourcecode.swift; path = "UIViewController+Alert.swift"; sourceTree = "<group>"; };
		BAFD6E4020A457F4000CB38C /* InstaParser.app */ = {isa = PBXFileReference; explicitFileType = wrapper.application; includeInIndex = 0; path = InstaParser.app; sourceTree = BUILT_PRODUCTS_DIR; };
		BAFD6E4320A457F4000CB38C /* AppDelegate.swift */ = {isa = PBXFileReference; lastKnownFileType = sourcecode.swift; path = AppDelegate.swift; sourceTree = "<group>"; };
		BAFD6E4520A457F4000CB38C /* ViewController.swift */ = {isa = PBXFileReference; lastKnownFileType = sourcecode.swift; path = ViewController.swift; sourceTree = "<group>"; };
		BAFD6E4820A457F4000CB38C /* Base */ = {isa = PBXFileReference; lastKnownFileType = file.storyboard; name = Base; path = Base.lproj/Main.storyboard; sourceTree = "<group>"; };
		BAFD6E4A20A457F6000CB38C /* Assets.xcassets */ = {isa = PBXFileReference; lastKnownFileType = folder.assetcatalog; path = Assets.xcassets; sourceTree = "<group>"; };
		BAFD6E4D20A457F6000CB38C /* Base */ = {isa = PBXFileReference; lastKnownFileType = file.storyboard; name = Base; path = Base.lproj/LaunchScreen.storyboard; sourceTree = "<group>"; };
		BAFD6E4F20A457F6000CB38C /* Info.plist */ = {isa = PBXFileReference; lastKnownFileType = text.plist.xml; path = Info.plist; sourceTree = "<group>"; };
/* End PBXFileReference section */

/* Begin PBXFrameworksBuildPhase section */
		BAFD6E3D20A457F4000CB38C /* Frameworks */ = {
			isa = PBXFrameworksBuildPhase;
			buildActionMask = 2147483647;
			files = (
			);
			runOnlyForDeploymentPostprocessing = 0;
		};
/* End PBXFrameworksBuildPhase section */

/* Begin PBXGroup section */
		BAFD6E3720A457F4000CB38C = {
			isa = PBXGroup;
			children = (
				BAFD6E4220A457F4000CB38C /* InstaParser */,
				BAFD6E4120A457F4000CB38C /* Products */,
			);
			sourceTree = "<group>";
		};
		BAFD6E4120A457F4000CB38C /* Products */ = {
			isa = PBXGroup;
			children = (
				BAFD6E4020A457F4000CB38C /* InstaParser.app */,
			);
			name = Products;
			sourceTree = "<group>";
		};
		BAFD6E4220A457F4000CB38C /* InstaParser */ = {
			isa = PBXGroup;
			children = (
				BAFD6E4320A457F4000CB38C /* AppDelegate.swift */,
				BA3156BD20D2722A000483AF /* IGAvaParser.swift */,
				BA3156BF20D272DB000483AF /* UIViewController+Alert.swift */,
				BAFD6E4520A457F4000CB38C /* ViewController.swift */,
				BAFD6E4720A457F4000CB38C /* Main.storyboard */,
				BAFD6E4A20A457F6000CB38C /* Assets.xcassets */,
				BAFD6E4C20A457F6000CB38C /* LaunchScreen.storyboard */,
				BAFD6E4F20A457F6000CB38C /* Info.plist */,
			);
			path = InstaParser;
			sourceTree = "<group>";
		};
/* End PBXGroup section */

/* Begin PBXNativeTarget section */
		BAFD6E3F20A457F4000CB38C /* InstaParser */ = {
			isa = PBXNativeTarget;
			buildConfigurationList = BAFD6E5220A457F6000CB38C /* Build configuration list for PBXNativeTarget "InstaParser" */;
			buildPhases = (
				BAFD6E3C20A457F4000CB38C /* Sources */,
				BAFD6E3D20A457F4000CB38C /* Frameworks */,
				BAFD6E3E20A457F4000CB38C /* Resources */,
			);
			buildRules = (
			);
			dependencies = (
			);
			name = InstaParser;
			productName = InstaParser;
			productReference = BAFD6E4020A457F4000CB38C /* InstaParser.app */;
			productType = "com.apple.product-type.application";
		};
/* End PBXNativeTarget section */

/* Begin PBXProject section */
		BAFD6E3820A457F4000CB38C /* Project object */ = {
			isa = PBXProject;
			attributes = {
				LastSwiftUpdateCheck = 0930;
				LastUpgradeCheck = 0930;
				ORGANIZATIONNAME = EventrLLC;
				TargetAttributes = {
					BAFD6E3F20A457F4000CB38C = {
						CreatedOnToolsVersion = 9.3;
					};
				};
			};
			buildConfigurationList = BAFD6E3B20A457F4000CB38C /* Build configuration list for PBXProject "InstaParser" */;
			compatibilityVersion = "Xcode 9.3";
			developmentRegion = en;
			hasScannedForEncodings = 0;
			knownRegions = (
				en,
				Base,
			);
			mainGroup = BAFD6E3720A457F4000CB38C;
			productRefGroup = BAFD6E4120A457F4000CB38C /* Products */;
			projectDirPath = "";
			projectRoot = "";
			targets = (
				BAFD6E3F20A457F4000CB38C /* InstaParser */,
			);
		};
/* End PBXProject section */

/* Begin PBXResourcesBuildPhase section */
		BAFD6E3E20A457F4000CB38C /* Resources */ = {
			isa = PBXResourcesBuildPhase;
			buildActionMask = 2147483647;
			files = (
				BAFD6E4E20A457F6000CB38C /* LaunchScreen.storyboard in Resources */,
				BAFD6E4B20A457F6000CB38C /* Assets.xcassets in Resources */,
				BAFD6E4920A457F4000CB38C /* Main.storyboard in Resources */,
			);
			runOnlyForDeploymentPostprocessing = 0;
		};
/* End PBXResourcesBuildPhase section */

/* Begin PBXSourcesBuildPhase section */
		BAFD6E3C20A457F4000CB38C /* Sources */ = {
			isa = PBXSourcesBuildPhase;
			buildActionMask = 2147483647;
			files = (
				BA3156BE20D2722A000483AF /* IGAvaParser.swift in Sources */,
				BAFD6E4620A457F4000CB38C /* ViewController.swift in Sources */,
				BAFD6E4420A457F4000CB38C /* AppDelegate.swift in Sources */,
				BA3156C020D272DB000483AF /* UIViewController+Alert.swift in Sources */,
			);
			runOnlyForDeploymentPostprocessing = 0;
		};
/* End PBXSourcesBuildPhase section */

/* Begin PBXVariantGroup section */
		BAFD6E4720A457F4000CB38C /* Main.storyboard */ = {
			isa = PBXVariantGroup;
			children = (
				BAFD6E4820A457F4000CB38C /* Base */,
			);
			name = Main.storyboard;
			sourceTree = "<group>";
		};
		BAFD6E4C20A457F6000CB38C /* LaunchScreen.storyboard */ = {
			isa = PBXVariantGroup;
			children = (
				BAFD6E4D20A457F6000CB38C /* Base */,
			);
			name = LaunchScreen.storyboard;
			sourceTree = "<group>";
		};
/* End PBXVariantGroup section */

/* Begin XCBuildConfiguration section */
		BAFD6E5020A457F6000CB38C /* Debug */ = {
			isa = XCBuildConfiguration;
			buildSettings = {
				ALWAYS_SEARCH_USER_PATHS = NO;
				CLANG_ANALYZER_NONNULL = YES;
				CLANG_ANALYZER_NUMBER_OBJECT_CONVERSION = YES_AGGRESSIVE;
				CLANG_CXX_LANGUAGE_STANDARD = "gnu++14";
				CLANG_CXX_LIBRARY = "libc++";
				CLANG_ENABLE_MODULES = YES;
				CLANG_ENABLE_OBJC_ARC = YES;
				CLANG_ENABLE_OBJC_WEAK = YES;
				CLANG_WARN_BLOCK_CAPTURE_AUTORELEASING = YES;
				CLANG_WARN_BOOL_CONVERSION = YES;
				CLANG_WARN_COMMA = YES;
				CLANG_WARN_CONSTANT_CONVERSION = YES;
				CLANG_WARN_DEPRECATED_OBJC_IMPLEMENTATIONS = YES;
				CLANG_WARN_DIRECT_OBJC_ISA_USAGE = YES_ERROR;
				CLANG_WARN_DOCUMENTATION_COMMENTS = YES;
				CLANG_WARN_EMPTY_BODY = YES;
				CLANG_WARN_ENUM_CONVERSION = YES;
				CLANG_WARN_INFINITE_RECURSION = YES;
				CLANG_WARN_INT_CONVERSION = YES;
				CLANG_WARN_NON_LITERAL_NULL_CONVERSION = YES;
				CLANG_WARN_OBJC_IMPLICIT_RETAIN_SELF = YES;
				CLANG_WARN_OBJC_LITERAL_CONVERSION = YES;
				CLANG_WARN_OBJC_ROOT_CLASS = YES_ERROR;
				CLANG_WARN_RANGE_LOOP_ANALYSIS = YES;
				CLANG_WARN_STRICT_PROTOTYPES = YES;
				CLANG_WARN_SUSPICIOUS_MOVE = YES;
				CLANG_WARN_UNGUARDED_AVAILABILITY = YES_AGGRESSIVE;
				CLANG_WARN_UNREACHABLE_CODE = YES;
				CLANG_WARN__DUPLICATE_METHOD_MATCH = YES;
				CODE_SIGN_IDENTITY = "iPhone Developer";
				COPY_PHASE_STRIP = NO;
				DEBUG_INFORMATION_FORMAT = dwarf;
				ENABLE_STRICT_OBJC_MSGSEND = YES;
				ENABLE_TESTABILITY = YES;
				GCC_C_LANGUAGE_STANDARD = gnu11;
				GCC_DYNAMIC_NO_PIC = NO;
				GCC_NO_COMMON_BLOCKS = YES;
				GCC_OPTIMIZATION_LEVEL = 0;
				GCC_PREPROCESSOR_DEFINITIONS = (
					"DEBUG=1",
					"$(inherited)",
				);
				GCC_WARN_64_TO_32_BIT_CONVERSION = YES;
				GCC_WARN_ABOUT_RETURN_TYPE = YES_ERROR;
				GCC_WARN_UNDECLARED_SELECTOR = YES;
				GCC_WARN_UNINITIALIZED_AUTOS = YES_AGGRESSIVE;
				GCC_WARN_UNUSED_FUNCTION = YES;
				GCC_WARN_UNUSED_VARIABLE = YES;
				IPHONEOS_DEPLOYMENT_TARGET = 11.3;
				MTL_ENABLE_DEBUG_INFO = YES;
				ONLY_ACTIVE_ARCH = YES;
				SDKROOT = iphoneos;
				SWIFT_ACTIVE_COMPILATION_CONDITIONS = DEBUG;
				SWIFT_OPTIMIZATION_LEVEL = "-Onone";
			};
			name = Debug;
		};
		BAFD6E5120A457F6000CB38C /* Release */ = {
			isa = XCBuildConfiguration;
			buildSettings = {
				ALWAYS_SEARCH_USER_PATHS = NO;
				CLANG_ANALYZER_NONNULL = YES;
				CLANG_ANALYZER_NUMBER_OBJECT_CONVERSION = YES_AGGRESSIVE;
				CLANG_CXX_LANGUAGE_STANDARD = "gnu++14";
				CLANG_CXX_LIBRARY = "libc++";
				CLANG_ENABLE_MODULES = YES;
				CLANG_ENABLE_OBJC_ARC = YES;
				CLANG_ENABLE_OBJC_WEAK = YES;
				CLANG_WARN_BLOCK_CAPTURE_AUTORELEASING = YES;
				CLANG_WARN_BOOL_CONVERSION = YES;
				CLANG_WARN_COMMA = YES;
				CLANG_WARN_CONSTANT_CONVERSION = YES;
				CLANG_WARN_DEPRECATED_OBJC_IMPLEMENTATIONS = YES;
				CLANG_WARN_DIRECT_OBJC_ISA_USAGE = YES_ERROR;
				CLANG_WARN_DOCUMENTATION_COMMENTS = YES;
				CLANG_WARN_EMPTY_BODY = YES;
				CLANG_WARN_ENUM_CONVERSION = YES;
				CLANG_WARN_INFINITE_RECURSION = YES;
				CLANG_WARN_INT_CONVERSION = YES;
				CLANG_WARN_NON_LITERAL_NULL_CONVERSION = YES;
				CLANG_WARN_OBJC_IMPLICIT_RETAIN_SELF = YES;
				CLANG_WARN_OBJC_LITERAL_CONVERSION = YES;
				CLANG_WARN_OBJC_ROOT_CLASS = YES_ERROR;
				CLANG_WARN_RANGE_LOOP_ANALYSIS = YES;
				CLANG_WARN_STRICT_PROTOTYPES = YES;
				CLANG_WARN_SUSPICIOUS_MOVE = YES;
				CLANG_WARN_UNGUARDED_AVAILABILITY = YES_AGGRESSIVE;
				CLANG_WARN_UNREACHABLE_CODE = YES;
				CLANG_WARN__DUPLICATE_METHOD_MATCH = YES;
				CODE_SIGN_IDENTITY = "iPhone Developer";
				COPY_PHASE_STRIP = NO;
				DEBUG_INFORMATION_FORMAT = "dwarf-with-dsym";
				ENABLE_NS_ASSERTIONS = NO;
				ENABLE_STRICT_OBJC_MSGSEND = YES;
				GCC_C_LANGUAGE_STANDARD = gnu11;
				GCC_NO_COMMON_BLOCKS = YES;
				GCC_WARN_64_TO_32_BIT_CONVERSION = YES;
				GCC_WARN_ABOUT_RETURN_TYPE = YES_ERROR;
				GCC_WARN_UNDECLARED_SELECTOR = YES;
				GCC_WARN_UNINITIALIZED_AUTOS = YES_AGGRESSIVE;
				GCC_WARN_UNUSED_FUNCTION = YES;
				GCC_WARN_UNUSED_VARIABLE = YES;
				IPHONEOS_DEPLOYMENT_TARGET = 11.3;
				MTL_ENABLE_DEBUG_INFO = NO;
				SDKROOT = iphoneos;
				SWIFT_COMPILATION_MODE = wholemodule;
				SWIFT_OPTIMIZATION_LEVEL = "-O";
				VALIDATE_PRODUCT = YES;
			};
			name = Release;
		};
		BAFD6E5320A457F6000CB38C /* Debug */ = {
			isa = XCBuildConfiguration;
			buildSettings = {
				ASSETCATALOG_COMPILER_APPICON_NAME = AppIcon;
				CODE_SIGN_STYLE = Automatic;
				DEVELOPMENT_TEAM = 7TA3PVP82C;
				INFOPLIST_FILE = InstaParser/Info.plist;
				IPHONEOS_DEPLOYMENT_TARGET = 9.3;
				LD_RUNPATH_SEARCH_PATHS = (
					"$(inherited)",
					"@executable_path/Frameworks",
				);
				PRODUCT_BUNDLE_IDENTIFIER = com.EventrLLC.InstaParser;
				PRODUCT_NAME = "$(TARGET_NAME)";
				SWIFT_VERSION = 4.0;
				TARGETED_DEVICE_FAMILY = "1,2";
			};
			name = Debug;
		};
		BAFD6E5420A457F6000CB38C /* Release */ = {
			isa = XCBuildConfiguration;
			buildSettings = {
				ASSETCATALOG_COMPILER_APPICON_NAME = AppIcon;
				CODE_SIGN_STYLE = Automatic;
				DEVELOPMENT_TEAM = 7TA3PVP82C;
				INFOPLIST_FILE = InstaParser/Info.plist;
				IPHONEOS_DEPLOYMENT_TARGET = 9.3;
				LD_RUNPATH_SEARCH_PATHS = (
					"$(inherited)",
					"@executable_path/Frameworks",
				);
				PRODUCT_BUNDLE_IDENTIFIER = com.EventrLLC.InstaParser;
				PRODUCT_NAME = "$(TARGET_NAME)";
				SWIFT_VERSION = 4.0;
				TARGETED_DEVICE_FAMILY = "1,2";
			};
			name = Release;
		};
/* End XCBuildConfiguration section */

/* Begin XCConfigurationList section */
		BAFD6E3B20A457F4000CB38C /* Build configuration list for PBXProject "InstaParser" */ = {
			isa = XCConfigurationList;
			buildConfigurations = (
				BAFD6E5020A457F6000CB38C /* Debug */,
				BAFD6E5120A457F6000CB38C /* Release */,
			);
			defaultConfigurationIsVisible = 0;
			defaultConfigurationName = Release;
		};
		BAFD6E5220A457F6000CB38C /* Build configuration list for PBXNativeTarget "InstaParser" */ = {
			isa = XCConfigurationList;
			buildConfigurations = (
				BAFD6E5320A457F6000CB38C /* Debug */,
				BAFD6E5420A457F6000CB38C /* Release */,
			);
			defaultConfigurationIsVisible = 0;
			defaultConfigurationName = Release;
		};
/* End XCConfigurationList section */
	};
	rootObject = BAFD6E3820A457F4000CB38C /* Project object */;
}
